// !$*UTF8*$!
{
	archiveVersion = 1;
	classes = {
	};
	objectVersion = 51;
	objects = {

/* Begin PBXBuildFile section */
		0EFEB944D2C41BC9974B1B70 /* Pods_PIkaMerchant.framework in Frameworks */ = {isa = PBXBuildFile; fileRef = 464D5731EB42EECCF92D062E /* Pods_PIkaMerchant.framework */; };
		F04B025923A0931000E9806F /* OrderModel.swift in Sources */ = {isa = PBXBuildFile; fileRef = F04B025823A0930F00E9806F /* OrderModel.swift */; };
		F05015D923796FFE00C27BDD /* AppDelegate.swift in Sources */ = {isa = PBXBuildFile; fileRef = F05015D823796FFE00C27BDD /* AppDelegate.swift */; };
		F05015DB23796FFE00C27BDD /* SceneDelegate.swift in Sources */ = {isa = PBXBuildFile; fileRef = F05015DA23796FFE00C27BDD /* SceneDelegate.swift */; };
		F05015DD23796FFE00C27BDD /* ViewController.swift in Sources */ = {isa = PBXBuildFile; fileRef = F05015DC23796FFE00C27BDD /* ViewController.swift */; };
		F05015E023796FFE00C27BDD /* Main.storyboard in Resources */ = {isa = PBXBuildFile; fileRef = F05015DE23796FFE00C27BDD /* Main.storyboard */; };
		F05015E323796FFE00C27BDD /* PIkaMerchant.xcdatamodeld in Sources */ = {isa = PBXBuildFile; fileRef = F05015E123796FFE00C27BDD /* PIkaMerchant.xcdatamodeld */; };
		F05015E523796FFF00C27BDD /* Assets.xcassets in Resources */ = {isa = PBXBuildFile; fileRef = F05015E423796FFF00C27BDD /* Assets.xcassets */; };
		F05015E823796FFF00C27BDD /* LaunchScreen.storyboard in Resources */ = {isa = PBXBuildFile; fileRef = F05015E623796FFF00C27BDD /* LaunchScreen.storyboard */; };
		F05015F02379BE9200C27BDD /* SF Pro in Resources */ = {isa = PBXBuildFile; fileRef = F05015EF2379BE9200C27BDD /* SF Pro */; };
		F05015F32379C2C900C27BDD /* PesananTableViewCell.swift in Sources */ = {isa = PBXBuildFile; fileRef = F05015F12379C2C900C27BDD /* PesananTableViewCell.swift */; };
		F05015F42379C2C900C27BDD /* PesananTableViewCell.xib in Resources */ = {isa = PBXBuildFile; fileRef = F05015F22379C2C900C27BDD /* PesananTableViewCell.xib */; };
		F05015F72379C79100C27BDD /* PesananViewController.swift in Sources */ = {isa = PBXBuildFile; fileRef = F05015F62379C79100C27BDD /* PesananViewController.swift */; };
		F05015F92379D55F00C27BDD /* PesananModel.swift in Sources */ = {isa = PBXBuildFile; fileRef = F05015F82379D55F00C27BDD /* PesananModel.swift */; };
		F05015FC237A65D300C27BDD /* SelesaiTableViewCell.swift in Sources */ = {isa = PBXBuildFile; fileRef = F05015FA237A65D300C27BDD /* SelesaiTableViewCell.swift */; };
		F05015FD237A65D300C27BDD /* SelesaiTableViewCell.xib in Resources */ = {isa = PBXBuildFile; fileRef = F05015FB237A65D300C27BDD /* SelesaiTableViewCell.xib */; };
		F0501601237A892D00C27BDD /* SelesaiModel.swift in Sources */ = {isa = PBXBuildFile; fileRef = F0501600237A892D00C27BDD /* SelesaiModel.swift */; };
		F0501606237BAF9500C27BDD /* MakananTableViewCell.swift in Sources */ = {isa = PBXBuildFile; fileRef = F0501604237BAF9500C27BDD /* MakananTableViewCell.swift */; };
		F0501607237BAF9500C27BDD /* MakananTableViewCell.xib in Resources */ = {isa = PBXBuildFile; fileRef = F0501605237BAF9500C27BDD /* MakananTableViewCell.xib */; };
		F0501609237BCE3200C27BDD /* MakananViewController.swift in Sources */ = {isa = PBXBuildFile; fileRef = F0501608237BCE3200C27BDD /* MakananViewController.swift */; };
		F06A79ED237BD03000E940EE /* GoogleService-Info.plist in Resources */ = {isa = PBXBuildFile; fileRef = F06A79EC237BD03000E940EE /* GoogleService-Info.plist */; };
		F06A79EF237BD50C00E940EE /* MakananModel.swift in Sources */ = {isa = PBXBuildFile; fileRef = F06A79EE237BD50C00E940EE /* MakananModel.swift */; };
		F06A79F8237D464E00E940EE /* MenuFix.csv in Resources */ = {isa = PBXBuildFile; fileRef = F06A79F7237D464D00E940EE /* MenuFix.csv */; };
		F0B43E9A238BAE7C008A7CE7 /* PushNotificationSender.swift in Sources */ = {isa = PBXBuildFile; fileRef = F0B43E99238BAE7C008A7CE7 /* PushNotificationSender.swift */; };
		F0E7AE1223A774EF0033A3AD /* notif_sound.mp3 in Resources */ = {isa = PBXBuildFile; fileRef = F0E7AE1123A774EF0033A3AD /* notif_sound.mp3 */; };
		F0F28AE5239F41860039B45A /* Shadow.swift in Sources */ = {isa = PBXBuildFile; fileRef = F0F28AE4239F41860039B45A /* Shadow.swift */; };
		F0FFAB9C239E288B007D62B0 /* DiambilModel.swift in Sources */ = {isa = PBXBuildFile; fileRef = F0FFAB9B239E288B007D62B0 /* DiambilModel.swift */; };
		F0FFAB9E239E28AA007D62B0 /* DibayarModel.swift in Sources */ = {isa = PBXBuildFile; fileRef = F0FFAB9D239E28AA007D62B0 /* DibayarModel.swift */; };
/* End PBXBuildFile section */

/* Begin PBXFileReference section */
		464D5731EB42EECCF92D062E /* Pods_PIkaMerchant.framework */ = {isa = PBXFileReference; explicitFileType = wrapper.framework; includeInIndex = 0; path = Pods_PIkaMerchant.framework; sourceTree = BUILT_PRODUCTS_DIR; };
		5D7C79A1A7F37D9184AC8A22 /* Pods-PIkaMerchant.debug.xcconfig */ = {isa = PBXFileReference; includeInIndex = 1; lastKnownFileType = text.xcconfig; name = "Pods-PIkaMerchant.debug.xcconfig"; path = "Target Support Files/Pods-PIkaMerchant/Pods-PIkaMerchant.debug.xcconfig"; sourceTree = "<group>"; };
		DFC4D6CEE0DF5D8ECFCB4427 /* Pods-PIkaMerchant.release.xcconfig */ = {isa = PBXFileReference; includeInIndex = 1; lastKnownFileType = text.xcconfig; name = "Pods-PIkaMerchant.release.xcconfig"; path = "Target Support Files/Pods-PIkaMerchant/Pods-PIkaMerchant.release.xcconfig"; sourceTree = "<group>"; };
		F00950B6238BCEFA00043C93 /* PikaMerchant.entitlements */ = {isa = PBXFileReference; lastKnownFileType = text.plist.entitlements; path = PikaMerchant.entitlements; sourceTree = "<group>"; };
		F04B025823A0930F00E9806F /* OrderModel.swift */ = {isa = PBXFileReference; fileEncoding = 4; lastKnownFileType = sourcecode.swift; path = OrderModel.swift; sourceTree = "<group>"; };
		F05015D523796FFE00C27BDD /* PikaMerchant.app */ = {isa = PBXFileReference; explicitFileType = wrapper.application; includeInIndex = 0; path = PikaMerchant.app; sourceTree = BUILT_PRODUCTS_DIR; };
		F05015D823796FFE00C27BDD /* AppDelegate.swift */ = {isa = PBXFileReference; lastKnownFileType = sourcecode.swift; path = AppDelegate.swift; sourceTree = "<group>"; };
		F05015DA23796FFE00C27BDD /* SceneDelegate.swift */ = {isa = PBXFileReference; lastKnownFileType = sourcecode.swift; path = SceneDelegate.swift; sourceTree = "<group>"; };
		F05015DC23796FFE00C27BDD /* ViewController.swift */ = {isa = PBXFileReference; lastKnownFileType = sourcecode.swift; path = ViewController.swift; sourceTree = "<group>"; };
		F05015DF23796FFE00C27BDD /* Base */ = {isa = PBXFileReference; lastKnownFileType = file.storyboard; name = Base; path = Base.lproj/Main.storyboard; sourceTree = "<group>"; };
		F05015E223796FFE00C27BDD /* PIkaMerchant.xcdatamodel */ = {isa = PBXFileReference; lastKnownFileType = wrapper.xcdatamodel; path = PIkaMerchant.xcdatamodel; sourceTree = "<group>"; };
		F05015E423796FFF00C27BDD /* Assets.xcassets */ = {isa = PBXFileReference; lastKnownFileType = folder.assetcatalog; path = Assets.xcassets; sourceTree = "<group>"; };
		F05015E723796FFF00C27BDD /* Base */ = {isa = PBXFileReference; lastKnownFileType = file.storyboard; name = Base; path = Base.lproj/LaunchScreen.storyboard; sourceTree = "<group>"; };
		F05015E923796FFF00C27BDD /* Info.plist */ = {isa = PBXFileReference; lastKnownFileType = text.plist.xml; path = Info.plist; sourceTree = "<group>"; };
		F05015EF2379BE9200C27BDD /* SF Pro */ = {isa = PBXFileReference; lastKnownFileType = folder; path = "SF Pro"; sourceTree = "<group>"; };
		F05015F12379C2C900C27BDD /* PesananTableViewCell.swift */ = {isa = PBXFileReference; lastKnownFileType = sourcecode.swift; path = PesananTableViewCell.swift; sourceTree = "<group>"; };
		F05015F22379C2C900C27BDD /* PesananTableViewCell.xib */ = {isa = PBXFileReference; lastKnownFileType = file.xib; path = PesananTableViewCell.xib; sourceTree = "<group>"; };
		F05015F62379C79100C27BDD /* PesananViewController.swift */ = {isa = PBXFileReference; lastKnownFileType = sourcecode.swift; path = PesananViewController.swift; sourceTree = "<group>"; };
		F05015F82379D55F00C27BDD /* PesananModel.swift */ = {isa = PBXFileReference; lastKnownFileType = sourcecode.swift; path = PesananModel.swift; sourceTree = "<group>"; };
		F05015FA237A65D300C27BDD /* SelesaiTableViewCell.swift */ = {isa = PBXFileReference; lastKnownFileType = sourcecode.swift; path = SelesaiTableViewCell.swift; sourceTree = "<group>"; };
		F05015FB237A65D300C27BDD /* SelesaiTableViewCell.xib */ = {isa = PBXFileReference; lastKnownFileType = file.xib; path = SelesaiTableViewCell.xib; sourceTree = "<group>"; };
		F0501600237A892D00C27BDD /* SelesaiModel.swift */ = {isa = PBXFileReference; lastKnownFileType = sourcecode.swift; path = SelesaiModel.swift; sourceTree = "<group>"; };
		F0501604237BAF9500C27BDD /* MakananTableViewCell.swift */ = {isa = PBXFileReference; lastKnownFileType = sourcecode.swift; path = MakananTableViewCell.swift; sourceTree = "<group>"; };
		F0501605237BAF9500C27BDD /* MakananTableViewCell.xib */ = {isa = PBXFileReference; lastKnownFileType = file.xib; path = MakananTableViewCell.xib; sourceTree = "<group>"; };
		F0501608237BCE3200C27BDD /* MakananViewController.swift */ = {isa = PBXFileReference; lastKnownFileType = sourcecode.swift; path = MakananViewController.swift; sourceTree = "<group>"; };
		F06A79EC237BD03000E940EE /* GoogleService-Info.plist */ = {isa = PBXFileReference; fileEncoding = 4; lastKnownFileType = text.plist.xml; path = "GoogleService-Info.plist"; sourceTree = "<group>"; };
		F06A79EE237BD50C00E940EE /* MakananModel.swift */ = {isa = PBXFileReference; lastKnownFileType = sourcecode.swift; path = MakananModel.swift; sourceTree = "<group>"; };
		F06A79F7237D464D00E940EE /* MenuFix.csv */ = {isa = PBXFileReference; fileEncoding = 4; lastKnownFileType = text; name = MenuFix.csv; path = ../../../Downloads/MenuFix.csv; sourceTree = "<group>"; };
		F0B43E99238BAE7C008A7CE7 /* PushNotificationSender.swift */ = {isa = PBXFileReference; lastKnownFileType = sourcecode.swift; path = PushNotificationSender.swift; sourceTree = "<group>"; };
		F0E7AE1123A774EF0033A3AD /* notif_sound.mp3 */ = {isa = PBXFileReference; lastKnownFileType = audio.mp3; path = notif_sound.mp3; sourceTree = "<group>"; };
		F0F28AE4239F41860039B45A /* Shadow.swift */ = {isa = PBXFileReference; lastKnownFileType = sourcecode.swift; path = Shadow.swift; sourceTree = "<group>"; };
		F0FFAB9B239E288B007D62B0 /* DiambilModel.swift */ = {isa = PBXFileReference; lastKnownFileType = sourcecode.swift; path = DiambilModel.swift; sourceTree = "<group>"; };
		F0FFAB9D239E28AA007D62B0 /* DibayarModel.swift */ = {isa = PBXFileReference; lastKnownFileType = sourcecode.swift; path = DibayarModel.swift; sourceTree = "<group>"; };
/* End PBXFileReference section */

/* Begin PBXFrameworksBuildPhase section */
		F05015D223796FFE00C27BDD /* Frameworks */ = {
			isa = PBXFrameworksBuildPhase;
			buildActionMask = 2147483647;
			files = (
				0EFEB944D2C41BC9974B1B70 /* Pods_PIkaMerchant.framework in Frameworks */,
			);
			runOnlyForDeploymentPostprocessing = 0;
		};
/* End PBXFrameworksBuildPhase section */

/* Begin PBXGroup section */
		7FD517C81C8AF9D5D7E9943F /* Pods */ = {
			isa = PBXGroup;
			children = (
				5D7C79A1A7F37D9184AC8A22 /* Pods-PIkaMerchant.debug.xcconfig */,
				DFC4D6CEE0DF5D8ECFCB4427 /* Pods-PIkaMerchant.release.xcconfig */,
			);
			path = Pods;
			sourceTree = "<group>";
		};
		E9CBAD3BDE4D2D000AF8482B /* Frameworks */ = {
			isa = PBXGroup;
			children = (
				464D5731EB42EECCF92D062E /* Pods_PIkaMerchant.framework */,
			);
			name = Frameworks;
			sourceTree = "<group>";
		};
		F05015CC23796FFE00C27BDD = {
			isa = PBXGroup;
			children = (
				F05015D723796FFE00C27BDD /* PIkaMerchant */,
				F05015D623796FFE00C27BDD /* Products */,
				F05015EF2379BE9200C27BDD /* SF Pro */,
				7FD517C81C8AF9D5D7E9943F /* Pods */,
				E9CBAD3BDE4D2D000AF8482B /* Frameworks */,
			);
			sourceTree = "<group>";
		};
		F05015D623796FFE00C27BDD /* Products */ = {
			isa = PBXGroup;
			children = (
				F05015D523796FFE00C27BDD /* PikaMerchant.app */,
			);
			name = Products;
			sourceTree = "<group>";
		};
		F05015D723796FFE00C27BDD /* PIkaMerchant */ = {
			isa = PBXGroup;
			children = (
				F00950B6238BCEFA00043C93 /* PikaMerchant.entitlements */,
				F06A79F7237D464D00E940EE /* MenuFix.csv */,
				F06A79EC237BD03000E940EE /* GoogleService-Info.plist */,
				F0501603237BAF6300C27BDD /* Makanan */,
				F05015FF237A7D5000C27BDD /* Pesanan diproses */,
				F05015FE237A7CFD00C27BDD /* Pesanan Selesai */,
				F0501602237AA84200C27BDD /* Model */,
				F05015F62379C79100C27BDD /* PesananViewController.swift */,
				F0501608237BCE3200C27BDD /* MakananViewController.swift */,
				F05015D823796FFE00C27BDD /* AppDelegate.swift */,
				F05015DA23796FFE00C27BDD /* SceneDelegate.swift */,
				F05015DC23796FFE00C27BDD /* ViewController.swift */,
				F05015DE23796FFE00C27BDD /* Main.storyboard */,
				F0B43E99238BAE7C008A7CE7 /* PushNotificationSender.swift */,
				F05015E423796FFF00C27BDD /* Assets.xcassets */,
				F0E7AE1123A774EF0033A3AD /* notif_sound.mp3 */,
				F05015E623796FFF00C27BDD /* LaunchScreen.storyboard */,
				F05015E923796FFF00C27BDD /* Info.plist */,
				F05015E123796FFE00C27BDD /* PIkaMerchant.xcdatamodeld */,
				F0F28AE4239F41860039B45A /* Shadow.swift */,
			);
			path = PIkaMerchant;
			sourceTree = "<group>";
		};
		F05015FE237A7CFD00C27BDD /* Pesanan Selesai */ = {
			isa = PBXGroup;
			children = (
				F05015FA237A65D300C27BDD /* SelesaiTableViewCell.swift */,
				F05015FB237A65D300C27BDD /* SelesaiTableViewCell.xib */,
			);
			path = "Pesanan Selesai";
			sourceTree = "<group>";
		};
		F05015FF237A7D5000C27BDD /* Pesanan diproses */ = {
			isa = PBXGroup;
			children = (
				F05015F12379C2C900C27BDD /* PesananTableViewCell.swift */,
				F05015F22379C2C900C27BDD /* PesananTableViewCell.xib */,
			);
			path = "Pesanan diproses";
			sourceTree = "<group>";
		};
		F0501602237AA84200C27BDD /* Model */ = {
			isa = PBXGroup;
			children = (
				F04B025823A0930F00E9806F /* OrderModel.swift */,
				F05015F82379D55F00C27BDD /* PesananModel.swift */,
				F0501600237A892D00C27BDD /* SelesaiModel.swift */,
				F06A79EE237BD50C00E940EE /* MakananModel.swift */,
				F0FFAB9B239E288B007D62B0 /* DiambilModel.swift */,
				F0FFAB9D239E28AA007D62B0 /* DibayarModel.swift */,
			);
			path = Model;
			sourceTree = "<group>";
		};
		F0501603237BAF6300C27BDD /* Makanan */ = {
			isa = PBXGroup;
			children = (
				F0501604237BAF9500C27BDD /* MakananTableViewCell.swift */,
				F0501605237BAF9500C27BDD /* MakananTableViewCell.xib */,
			);
			path = Makanan;
			sourceTree = "<group>";
		};
/* End PBXGroup section */

/* Begin PBXNativeTarget section */
		F05015D423796FFE00C27BDD /* PIkaMerchant */ = {
			isa = PBXNativeTarget;
			buildConfigurationList = F05015EC23796FFF00C27BDD /* Build configuration list for PBXNativeTarget "PIkaMerchant" */;
			buildPhases = (
				B07B31AB9B24DB44884BE168 /* [CP] Check Pods Manifest.lock */,
				F05015D123796FFE00C27BDD /* Sources */,
				F05015D223796FFE00C27BDD /* Frameworks */,
				F05015D323796FFE00C27BDD /* Resources */,
				5B6B8D7022149E4A766EEEAA /* [CP] Embed Pods Frameworks */,
			);
			buildRules = (
			);
			dependencies = (
			);
			name = PIkaMerchant;
			productName = PIkaMerchant;
			productReference = F05015D523796FFE00C27BDD /* PikaMerchant.app */;
			productType = "com.apple.product-type.application";
		};
/* End PBXNativeTarget section */

/* Begin PBXProject section */
		F05015CD23796FFE00C27BDD /* Project object */ = {
			isa = PBXProject;
			attributes = {
				LastSwiftUpdateCheck = 1100;
				LastUpgradeCheck = 1100;
				ORGANIZATIONNAME = "Apple Developer Academy";
				TargetAttributes = {
					F05015D423796FFE00C27BDD = {
						CreatedOnToolsVersion = 11.0;
					};
				};
			};
			buildConfigurationList = F05015D023796FFE00C27BDD /* Build configuration list for PBXProject "PIkaMerchant" */;
			compatibilityVersion = "Xcode 9.3";
			developmentRegion = en;
			hasScannedForEncodings = 0;
			knownRegions = (
				en,
				Base,
			);
			mainGroup = F05015CC23796FFE00C27BDD;
			productRefGroup = F05015D623796FFE00C27BDD /* Products */;
			projectDirPath = "";
			projectRoot = "";
			targets = (
				F05015D423796FFE00C27BDD /* PIkaMerchant */,
			);
		};
/* End PBXProject section */

/* Begin PBXResourcesBuildPhase section */
		F05015D323796FFE00C27BDD /* Resources */ = {
			isa = PBXResourcesBuildPhase;
			buildActionMask = 2147483647;
			files = (
				F05015FD237A65D300C27BDD /* SelesaiTableViewCell.xib in Resources */,
				F06A79ED237BD03000E940EE /* GoogleService-Info.plist in Resources */,
				F05015F02379BE9200C27BDD /* SF Pro in Resources */,
				F0E7AE1223A774EF0033A3AD /* notif_sound.mp3 in Resources */,
				F05015E823796FFF00C27BDD /* LaunchScreen.storyboard in Resources */,
				F0501607237BAF9500C27BDD /* MakananTableViewCell.xib in Resources */,
				F05015E523796FFF00C27BDD /* Assets.xcassets in Resources */,
				F05015F42379C2C900C27BDD /* PesananTableViewCell.xib in Resources */,
				F06A79F8237D464E00E940EE /* MenuFix.csv in Resources */,
				F05015E023796FFE00C27BDD /* Main.storyboard in Resources */,
			);
			runOnlyForDeploymentPostprocessing = 0;
		};
/* End PBXResourcesBuildPhase section */

/* Begin PBXShellScriptBuildPhase section */
		5B6B8D7022149E4A766EEEAA /* [CP] Embed Pods Frameworks */ = {
			isa = PBXShellScriptBuildPhase;
			buildActionMask = 2147483647;
			files = (
			);
			inputFileListPaths = (
				"${PODS_ROOT}/Target Support Files/Pods-PIkaMerchant/Pods-PIkaMerchant-frameworks-${CONFIGURATION}-input-files.xcfilelist",
			);
			name = "[CP] Embed Pods Frameworks";
			outputFileListPaths = (
				"${PODS_ROOT}/Target Support Files/Pods-PIkaMerchant/Pods-PIkaMerchant-frameworks-${CONFIGURATION}-output-files.xcfilelist",
			);
			runOnlyForDeploymentPostprocessing = 0;
			shellPath = /bin/sh;
			shellScript = "\"${PODS_ROOT}/Target Support Files/Pods-PIkaMerchant/Pods-PIkaMerchant-frameworks.sh\"\n";
			showEnvVarsInLog = 0;
		};
		B07B31AB9B24DB44884BE168 /* [CP] Check Pods Manifest.lock */ = {
			isa = PBXShellScriptBuildPhase;
			buildActionMask = 2147483647;
			files = (
			);
			inputFileListPaths = (
			);
			inputPaths = (
				"${PODS_PODFILE_DIR_PATH}/Podfile.lock",
				"${PODS_ROOT}/Manifest.lock",
			);
			name = "[CP] Check Pods Manifest.lock";
			outputFileListPaths = (
			);
			outputPaths = (
				"$(DERIVED_FILE_DIR)/Pods-PIkaMerchant-checkManifestLockResult.txt",
			);
			runOnlyForDeploymentPostprocessing = 0;
			shellPath = /bin/sh;
			shellScript = "diff \"${PODS_PODFILE_DIR_PATH}/Podfile.lock\" \"${PODS_ROOT}/Manifest.lock\" > /dev/null\nif [ $? != 0 ] ; then\n    # print error to STDERR\n    echo \"error: The sandbox is not in sync with the Podfile.lock. Run 'pod install' or update your CocoaPods installation.\" >&2\n    exit 1\nfi\n# This output is used by Xcode 'outputs' to avoid re-running this script phase.\necho \"SUCCESS\" > \"${SCRIPT_OUTPUT_FILE_0}\"\n";
			showEnvVarsInLog = 0;
		};
/* End PBXShellScriptBuildPhase section */

/* Begin PBXSourcesBuildPhase section */
		F05015D123796FFE00C27BDD /* Sources */ = {
			isa = PBXSourcesBuildPhase;
			buildActionMask = 2147483647;
			files = (
				F04B025923A0931000E9806F /* OrderModel.swift in Sources */,
				F0501609237BCE3200C27BDD /* MakananViewController.swift in Sources */,
				F05015E323796FFE00C27BDD /* PIkaMerchant.xcdatamodeld in Sources */,
				F0501601237A892D00C27BDD /* SelesaiModel.swift in Sources */,
				F05015DD23796FFE00C27BDD /* ViewController.swift in Sources */,
				F0FFAB9C239E288B007D62B0 /* DiambilModel.swift in Sources */,
				F05015F92379D55F00C27BDD /* PesananModel.swift in Sources */,
				F06A79EF237BD50C00E940EE /* MakananModel.swift in Sources */,
				F05015D923796FFE00C27BDD /* AppDelegate.swift in Sources */,
				F0501606237BAF9500C27BDD /* MakananTableViewCell.swift in Sources */,
				F05015F32379C2C900C27BDD /* PesananTableViewCell.swift in Sources */,
				F0B43E9A238BAE7C008A7CE7 /* PushNotificationSender.swift in Sources */,
				F05015DB23796FFE00C27BDD /* SceneDelegate.swift in Sources */,
				F05015FC237A65D300C27BDD /* SelesaiTableViewCell.swift in Sources */,
				F0F28AE5239F41860039B45A /* Shadow.swift in Sources */,
				F05015F72379C79100C27BDD /* PesananViewController.swift in Sources */,
				F0FFAB9E239E28AA007D62B0 /* DibayarModel.swift in Sources */,
			);
			runOnlyForDeploymentPostprocessing = 0;
		};
/* End PBXSourcesBuildPhase section */

/* Begin PBXVariantGroup section */
		F05015DE23796FFE00C27BDD /* Main.storyboard */ = {
			isa = PBXVariantGroup;
			children = (
				F05015DF23796FFE00C27BDD /* Base */,
			);
			name = Main.storyboard;
			sourceTree = "<group>";
		};
		F05015E623796FFF00C27BDD /* LaunchScreen.storyboard */ = {
			isa = PBXVariantGroup;
			children = (
				F05015E723796FFF00C27BDD /* Base */,
			);
			name = LaunchScreen.storyboard;
			sourceTree = "<group>";
		};
/* End PBXVariantGroup section */

/* Begin XCBuildConfiguration section */
		F05015EA23796FFF00C27BDD /* Debug */ = {
			isa = XCBuildConfiguration;
			buildSettings = {
				ALWAYS_SEARCH_USER_PATHS = NO;
				CLANG_ANALYZER_NONNULL = YES;
				CLANG_ANALYZER_NUMBER_OBJECT_CONVERSION = YES_AGGRESSIVE;
				CLANG_CXX_LANGUAGE_STANDARD = "gnu++14";
				CLANG_CXX_LIBRARY = "libc++";
				CLANG_ENABLE_MODULES = YES;
				CLANG_ENABLE_OBJC_ARC = YES;
				CLANG_ENABLE_OBJC_WEAK = YES;
				CLANG_WARN_BLOCK_CAPTURE_AUTORELEASING = YES;
				CLANG_WARN_BOOL_CONVERSION = YES;
				CLANG_WARN_COMMA = YES;
				CLANG_WARN_CONSTANT_CONVERSION = YES;
				CLANG_WARN_DEPRECATED_OBJC_IMPLEMENTATIONS = YES;
				CLANG_WARN_DIRECT_OBJC_ISA_USAGE = YES_ERROR;
				CLANG_WARN_DOCUMENTATION_COMMENTS = YES;
				CLANG_WARN_EMPTY_BODY = YES;
				CLANG_WARN_ENUM_CONVERSION = YES;
				CLANG_WARN_INFINITE_RECURSION = YES;
				CLANG_WARN_INT_CONVERSION = YES;
				CLANG_WARN_NON_LITERAL_NULL_CONVERSION = YES;
				CLANG_WARN_OBJC_IMPLICIT_RETAIN_SELF = YES;
				CLANG_WARN_OBJC_LITERAL_CONVERSION = YES;
				CLANG_WARN_OBJC_ROOT_CLASS = YES_ERROR;
				CLANG_WARN_RANGE_LOOP_ANALYSIS = YES;
				CLANG_WARN_STRICT_PROTOTYPES = YES;
				CLANG_WARN_SUSPICIOUS_MOVE = YES;
				CLANG_WARN_UNGUARDED_AVAILABILITY = YES_AGGRESSIVE;
				CLANG_WARN_UNREACHABLE_CODE = YES;
				CLANG_WARN__DUPLICATE_METHOD_MATCH = YES;
				COPY_PHASE_STRIP = NO;
				DEBUG_INFORMATION_FORMAT = dwarf;
				ENABLE_STRICT_OBJC_MSGSEND = YES;
				ENABLE_TESTABILITY = YES;
				GCC_C_LANGUAGE_STANDARD = gnu11;
				GCC_DYNAMIC_NO_PIC = NO;
				GCC_NO_COMMON_BLOCKS = YES;
				GCC_OPTIMIZATION_LEVEL = 0;
				GCC_PREPROCESSOR_DEFINITIONS = (
					"DEBUG=1",
					"$(inherited)",
				);
				GCC_WARN_64_TO_32_BIT_CONVERSION = YES;
				GCC_WARN_ABOUT_RETURN_TYPE = YES_ERROR;
				GCC_WARN_UNDECLARED_SELECTOR = YES;
				GCC_WARN_UNINITIALIZED_AUTOS = YES_AGGRESSIVE;
				GCC_WARN_UNUSED_FUNCTION = YES;
				GCC_WARN_UNUSED_VARIABLE = YES;
				IPHONEOS_DEPLOYMENT_TARGET = 12.4;
				MTL_ENABLE_DEBUG_INFO = INCLUDE_SOURCE;
				MTL_FAST_MATH = YES;
				ONLY_ACTIVE_ARCH = YES;
				SDKROOT = iphoneos;
				SWIFT_ACTIVE_COMPILATION_CONDITIONS = DEBUG;
				SWIFT_OPTIMIZATION_LEVEL = "-Onone";
			};
			name = Debug;
		};
		F05015EB23796FFF00C27BDD /* Release */ = {
			isa = XCBuildConfiguration;
			buildSettings = {
				ALWAYS_SEARCH_USER_PATHS = NO;
				CLANG_ANALYZER_NONNULL = YES;
				CLANG_ANALYZER_NUMBER_OBJECT_CONVERSION = YES_AGGRESSIVE;
				CLANG_CXX_LANGUAGE_STANDARD = "gnu++14";
				CLANG_CXX_LIBRARY = "libc++";
				CLANG_ENABLE_MODULES = YES;
				CLANG_ENABLE_OBJC_ARC = YES;
				CLANG_ENABLE_OBJC_WEAK = YES;
				CLANG_WARN_BLOCK_CAPTURE_AUTORELEASING = YES;
				CLANG_WARN_BOOL_CONVERSION = YES;
				CLANG_WARN_COMMA = YES;
				CLANG_WARN_CONSTANT_CONVERSION = YES;
				CLANG_WARN_DEPRECATED_OBJC_IMPLEMENTATIONS = YES;
				CLANG_WARN_DIRECT_OBJC_ISA_USAGE = YES_ERROR;
				CLANG_WARN_DOCUMENTATION_COMMENTS = YES;
				CLANG_WARN_EMPTY_BODY = YES;
				CLANG_WARN_ENUM_CONVERSION = YES;
				CLANG_WARN_INFINITE_RECURSION = YES;
				CLANG_WARN_INT_CONVERSION = YES;
				CLANG_WARN_NON_LITERAL_NULL_CONVERSION = YES;
				CLANG_WARN_OBJC_IMPLICIT_RETAIN_SELF = YES;
				CLANG_WARN_OBJC_LITERAL_CONVERSION = YES;
				CLANG_WARN_OBJC_ROOT_CLASS = YES_ERROR;
				CLANG_WARN_RANGE_LOOP_ANALYSIS = YES;
				CLANG_WARN_STRICT_PROTOTYPES = YES;
				CLANG_WARN_SUSPICIOUS_MOVE = YES;
				CLANG_WARN_UNGUARDED_AVAILABILITY = YES_AGGRESSIVE;
				CLANG_WARN_UNREACHABLE_CODE = YES;
				CLANG_WARN__DUPLICATE_METHOD_MATCH = YES;
				COPY_PHASE_STRIP = NO;
				DEBUG_INFORMATION_FORMAT = "dwarf-with-dsym";
				ENABLE_NS_ASSERTIONS = NO;
				ENABLE_STRICT_OBJC_MSGSEND = YES;
				GCC_C_LANGUAGE_STANDARD = gnu11;
				GCC_NO_COMMON_BLOCKS = YES;
				GCC_WARN_64_TO_32_BIT_CONVERSION = YES;
				GCC_WARN_ABOUT_RETURN_TYPE = YES_ERROR;
				GCC_WARN_UNDECLARED_SELECTOR = YES;
				GCC_WARN_UNINITIALIZED_AUTOS = YES_AGGRESSIVE;
				GCC_WARN_UNUSED_FUNCTION = YES;
				GCC_WARN_UNUSED_VARIABLE = YES;
				IPHONEOS_DEPLOYMENT_TARGET = 12.4;
				MTL_ENABLE_DEBUG_INFO = NO;
				MTL_FAST_MATH = YES;
				SDKROOT = iphoneos;
				SWIFT_COMPILATION_MODE = wholemodule;
				SWIFT_OPTIMIZATION_LEVEL = "-O";
				VALIDATE_PRODUCT = YES;
			};
			name = Release;
		};
		F05015ED23796FFF00C27BDD /* Debug */ = {
			isa = XCBuildConfiguration;
			baseConfigurationReference = 5D7C79A1A7F37D9184AC8A22 /* Pods-PIkaMerchant.debug.xcconfig */;
			buildSettings = {
				ASSETCATALOG_COMPILER_APPICON_NAME = AppIcon;
				CODE_SIGN_ENTITLEMENTS = PIkaMerchant/PikaMerchant.entitlements;
				CODE_SIGN_IDENTITY = "Apple Development";
				CODE_SIGN_STYLE = Automatic;
				DEVELOPMENT_TEAM = 3DX58RSQ5M;
				INFOPLIST_FILE = PIkaMerchant/Info.plist;
				LD_RUNPATH_SEARCH_PATHS = (
					"$(inherited)",
					"@executable_path/Frameworks",
				);
				PRODUCT_BUNDLE_IDENTIFIER = com.ADA.PikaMerchant;
				PRODUCT_NAME = PikaMerchant;
				PROVISIONING_PROFILE_SPECIFIER = "";
				SWIFT_VERSION = 5.0;
				TARGETED_DEVICE_FAMILY = "1,2";
			};
			name = Debug;
		};
		F05015EE23796FFF00C27BDD /* Release */ = {
			isa = XCBuildConfiguration;
			baseConfigurationReference = DFC4D6CEE0DF5D8ECFCB4427 /* Pods-PIkaMerchant.release.xcconfig */;
			buildSettings = {
				ASSETCATALOG_COMPILER_APPICON_NAME = AppIcon;
				CODE_SIGN_ENTITLEMENTS = PIkaMerchant/PikaMerchant.entitlements;
				CODE_SIGN_IDENTITY = "Apple Development";
				CODE_SIGN_STYLE = Automatic;
				DEVELOPMENT_TEAM = 3DX58RSQ5M;
				INFOPLIST_FILE = PIkaMerchant/Info.plist;
				LD_RUNPATH_SEARCH_PATHS = (
					"$(inherited)",
					"@executable_path/Frameworks",
				);
				PRODUCT_BUNDLE_IDENTIFIER = com.ADA.PikaMerchant;
				PRODUCT_NAME = PikaMerchant;
				PROVISIONING_PROFILE_SPECIFIER = "";
				SWIFT_VERSION = 5.0;
				TARGETED_DEVICE_FAMILY = "1,2";
			};
			name = Release;
		};
/* End XCBuildConfiguration section */

/* Begin XCConfigurationList section */
		F05015D023796FFE00C27BDD /* Build configuration list for PBXProject "PIkaMerchant" */ = {
			isa = XCConfigurationList;
			buildConfigurations = (
				F05015EA23796FFF00C27BDD /* Debug */,
				F05015EB23796FFF00C27BDD /* Release */,
			);
			defaultConfigurationIsVisible = 0;
			defaultConfigurationName = Release;
		};
		F05015EC23796FFF00C27BDD /* Build configuration list for PBXNativeTarget "PIkaMerchant" */ = {
			isa = XCConfigurationList;
			buildConfigurations = (
				F05015ED23796FFF00C27BDD /* Debug */,
				F05015EE23796FFF00C27BDD /* Release */,
			);
			defaultConfigurationIsVisible = 0;
			defaultConfigurationName = Release;
		};
/* End XCConfigurationList section */

/* Begin XCVersionGroup section */
		F05015E123796FFE00C27BDD /* PIkaMerchant.xcdatamodeld */ = {
			isa = XCVersionGroup;
			children = (
				F05015E223796FFE00C27BDD /* PIkaMerchant.xcdatamodel */,
			);
			currentVersion = F05015E223796FFE00C27BDD /* PIkaMerchant.xcdatamodel */;
			path = PIkaMerchant.xcdatamodeld;
			sourceTree = "<group>";
			versionGroupType = wrapper.xcdatamodel;
		};
/* End XCVersionGroup section */
	};
	rootObject = F05015CD23796FFE00C27BDD /* Project object */;
}
